
Microsoft Visual Studio Solution File, Format Version 12.00
# Visual Studio Version 17
VisualStudioVersion = 17.14.36121.58 d17.14
MinimumVisualStudioVersion = 10.0.40219.1
Project("{FAE04EC0-301F-11D3-BF4B-00C04F79EFBC}") = "Unicom TIC Management System (UMS)", "Unicom TIC Management System (UMS)\Unicom TIC Management System (UMS).csproj", "{1311AF28-47A6-44D4-BB66-EA5374BEF79D}"
EndProject
Global
	GlobalSection(SolutionConfigurationPlatforms) = preSolution
		Debug|Any CPU = Debug|Any CPU
		Release|Any CPU = Release|Any CPU
	EndGlobalSection
	GlobalSection(ProjectConfigurationPlatforms) = postSolution
		{1311AF28-47A6-44D4-BB66-EA5374BEF79D}.Debug|Any CPU.ActiveCfg = Debug|Any CPU
		{1311AF28-47A6-44D4-BB66-EA5374BEF79D}.Debug|Any CPU.Build.0 = Debug|Any CPU
		{1311AF28-47A6-44D4-BB66-EA5374BEF79D}.Release|Any CPU.ActiveCfg = Release|Any CPU
		{1311AF28-47A6-44D4-BB66-EA5374BEF79D}.Release|Any CPU.Build.0 = Release|Any CPU
	EndGlobalSection
	GlobalSection(SolutionProperties) = preSolution
		HideSolutionNode = FALSE
	EndGlobalSection
	GlobalSection(ExtensibilityGlobals) = postSolution
		SolutionGuid = {12DBF170-812E-4DC8-B31E-74EA29365516}
	EndGlobalSection
EndGlobal
